
Microsoft Visual Studio Solution File, Format Version 12.00
# Visual Studio Version 17
VisualStudioVersion = 17.5.33414.496
MinimumVisualStudioVersion = 10.0.40219.1
Project("{FAE04EC0-301F-11D3-BF4B-00C04F79EFBC}") = "Distribuidora_Chocolates", "Distribuidora_Chocolates\Distribuidora_Chocolates.csproj", "{EBE1DCB3-98B9-40B1-9F95-C81A06BAD4B8}"
EndProject
Global
	GlobalSection(SolutionConfigurationPlatforms) = preSolution
		Debug|Any CPU = Debug|Any CPU
		Release|Any CPU = Release|Any CPU
	EndGlobalSection
	GlobalSection(ProjectConfigurationPlatforms) = postSolution
		{EBE1DCB3-98B9-40B1-9F95-C81A06BAD4B8}.Debug|Any CPU.ActiveCfg = Debug|Any CPU
		{EBE1DCB3-98B9-40B1-9F95-C81A06BAD4B8}.Debug|Any CPU.Build.0 = Debug|Any CPU
		{EBE1DCB3-98B9-40B1-9F95-C81A06BAD4B8}.Release|Any CPU.ActiveCfg = Release|Any CPU
		{EBE1DCB3-98B9-40B1-9F95-C81A06BAD4B8}.Release|Any CPU.Build.0 = Release|Any CPU
	EndGlobalSection
	GlobalSection(SolutionProperties) = preSolution
		HideSolutionNode = FALSE
	EndGlobalSection
	GlobalSection(ExtensibilityGlobals) = postSolution
		SolutionGuid = {7B70CFC7-8A0C-44EA-8215-AF6DC4597C80}
	EndGlobalSection
EndGlobal
